
Microsoft Visual Studio Solution File, Format Version 12.00
# Visual Studio Version 17
VisualStudioVersion = 17.8.34330.188
MinimumVisualStudioVersion = 10.0.40219.1
Project("{9A19103F-16F7-4668-BE54-9A1E7A4F7556}") = "ChatAppNetworkHomeWork", "ChatAppNetworkHomeWork\ChatAppNetworkHomeWork.csproj", "{0E9B659D-9286-4232-B684-FEC581C2C45F}"
EndProject
Project("{FAE04EC0-301F-11D3-BF4B-00C04F79EFBC}") = "ClientChatApp", "ClientChatApp\ClientChatApp.csproj", "{F58F0F2E-DB48-4B42-AC8F-63FB644E6E8C}"
EndProject
Global
	GlobalSection(SolutionConfigurationPlatforms) = preSolution
		Debug|Any CPU = Debug|Any CPU
		Release|Any CPU = Release|Any CPU
	EndGlobalSection
	GlobalSection(ProjectConfigurationPlatforms) = postSolution
		{0E9B659D-9286-4232-B684-FEC581C2C45F}.Debug|Any CPU.ActiveCfg = Debug|Any CPU
		{0E9B659D-9286-4232-B684-FEC581C2C45F}.Debug|Any CPU.Build.0 = Debug|Any CPU
		{0E9B659D-9286-4232-B684-FEC581C2C45F}.Release|Any CPU.ActiveCfg = Release|Any CPU
		{0E9B659D-9286-4232-B684-FEC581C2C45F}.Release|Any CPU.Build.0 = Release|Any CPU
		{F58F0F2E-DB48-4B42-AC8F-63FB644E6E8C}.Debug|Any CPU.ActiveCfg = Debug|Any CPU
		{F58F0F2E-DB48-4B42-AC8F-63FB644E6E8C}.Debug|Any CPU.Build.0 = Debug|Any CPU
		{F58F0F2E-DB48-4B42-AC8F-63FB644E6E8C}.Release|Any CPU.ActiveCfg = Release|Any CPU
		{F58F0F2E-DB48-4B42-AC8F-63FB644E6E8C}.Release|Any CPU.Build.0 = Release|Any CPU
	EndGlobalSection
	GlobalSection(SolutionProperties) = preSolution
		HideSolutionNode = FALSE
	EndGlobalSection
	GlobalSection(ExtensibilityGlobals) = postSolution
		SolutionGuid = {D9BB2ACF-EE58-472F-8C11-BEBE87F3B55D}
	EndGlobalSection
EndGlobal
